
Microsoft Visual Studio Solution File, Format Version 12.00
# Visual Studio Version 17
VisualStudioVersion = 17.4.33213.308
MinimumVisualStudioVersion = 10.0.40219.1
Project("{FAE04EC0-301F-11D3-BF4B-00C04F79EFBC}") = "AirTekApp", "AirTekApp\AirTekApp.csproj", "{9A9F5710-23C5-4CCD-88D9-24EEC5155367}"
EndProject
Project("{FAE04EC0-301F-11D3-BF4B-00C04F79EFBC}") = "BusinessObjects", "BusinessObjects\BusinessObjects.csproj", "{5B034EE7-F3E4-4F1E-9347-B7D4CBD4250E}"
EndProject
Project("{FAE04EC0-301F-11D3-BF4B-00C04F79EFBC}") = "BusinessRepository", "BusinessLayer\BusinessRepository.csproj", "{0684DD07-1F10-426D-A9C6-91507963D5D7}"
EndProject
Global
	GlobalSection(SolutionConfigurationPlatforms) = preSolution
		Debug|Any CPU = Debug|Any CPU
		Release|Any CPU = Release|Any CPU
	EndGlobalSection
	GlobalSection(ProjectConfigurationPlatforms) = postSolution
		{9A9F5710-23C5-4CCD-88D9-24EEC5155367}.Debug|Any CPU.ActiveCfg = Debug|Any CPU
		{9A9F5710-23C5-4CCD-88D9-24EEC5155367}.Debug|Any CPU.Build.0 = Debug|Any CPU
		{9A9F5710-23C5-4CCD-88D9-24EEC5155367}.Release|Any CPU.ActiveCfg = Release|Any CPU
		{9A9F5710-23C5-4CCD-88D9-24EEC5155367}.Release|Any CPU.Build.0 = Release|Any CPU
		{5B034EE7-F3E4-4F1E-9347-B7D4CBD4250E}.Debug|Any CPU.ActiveCfg = Debug|Any CPU
		{5B034EE7-F3E4-4F1E-9347-B7D4CBD4250E}.Debug|Any CPU.Build.0 = Debug|Any CPU
		{5B034EE7-F3E4-4F1E-9347-B7D4CBD4250E}.Release|Any CPU.ActiveCfg = Release|Any CPU
		{5B034EE7-F3E4-4F1E-9347-B7D4CBD4250E}.Release|Any CPU.Build.0 = Release|Any CPU
		{0684DD07-1F10-426D-A9C6-91507963D5D7}.Debug|Any CPU.ActiveCfg = Debug|Any CPU
		{0684DD07-1F10-426D-A9C6-91507963D5D7}.Debug|Any CPU.Build.0 = Debug|Any CPU
		{0684DD07-1F10-426D-A9C6-91507963D5D7}.Release|Any CPU.ActiveCfg = Release|Any CPU
		{0684DD07-1F10-426D-A9C6-91507963D5D7}.Release|Any CPU.Build.0 = Release|Any CPU
	EndGlobalSection
	GlobalSection(SolutionProperties) = preSolution
		HideSolutionNode = FALSE
	EndGlobalSection
	GlobalSection(ExtensibilityGlobals) = postSolution
		SolutionGuid = {3CE411D1-F5D3-46A9-91B2-63E9C869B410}
	EndGlobalSection
EndGlobal
